Microsoft Visual Studio Solution File, Format Version 11.00
# Visual Studio 2008

Project("{5D42DFB0-8118-98FB-2942-6A3DDB450075}") = "Catastrophic Failure", "Assembly-CSharp-firstpass.csproj", "{45F1C6F7-11CD-1305-46F9-5720516844EC}"
EndProject
Project("{5D42DFB0-8118-98FB-2942-6A3DDB450075}") = "Catastrophic Failure", "Assembly-CSharp.csproj", "{D08B04F1-66F2-337D-0C33-8603615BAD57}"
EndProject
Project("{5D42DFB0-8118-98FB-2942-6A3DDB450075}") = "Catastrophic Failure", "Assembly-CSharp-Editor.csproj", "{EFEFF6A5-BA35-B8A7-DFC8-1A7DAC40A15A}"
EndProject
Global
	GlobalSection(SolutionConfigurationPlatforms) = preSolution
		Debug|Any CPU = Debug|Any CPU
		Release|Any CPU = Release|Any CPU
	EndGlobalSection
	GlobalSection(ProjectConfigurationPlatforms) = postSolution
		{45F1C6F7-11CD-1305-46F9-5720516844EC}.Debug|Any CPU.ActiveCfg = Debug|Any CPU
		{45F1C6F7-11CD-1305-46F9-5720516844EC}.Debug|Any CPU.Build.0 = Debug|Any CPU
		{45F1C6F7-11CD-1305-46F9-5720516844EC}.Release|Any CPU.ActiveCfg = Release|Any CPU
		{45F1C6F7-11CD-1305-46F9-5720516844EC}.Release|Any CPU.Build.0 = Release|Any CPU
		{D08B04F1-66F2-337D-0C33-8603615BAD57}.Debug|Any CPU.ActiveCfg = Debug|Any CPU
		{D08B04F1-66F2-337D-0C33-8603615BAD57}.Debug|Any CPU.Build.0 = Debug|Any CPU
		{D08B04F1-66F2-337D-0C33-8603615BAD57}.Release|Any CPU.ActiveCfg = Release|Any CPU
		{D08B04F1-66F2-337D-0C33-8603615BAD57}.Release|Any CPU.Build.0 = Release|Any CPU
		{EFEFF6A5-BA35-B8A7-DFC8-1A7DAC40A15A}.Debug|Any CPU.ActiveCfg = Debug|Any CPU
		{EFEFF6A5-BA35-B8A7-DFC8-1A7DAC40A15A}.Debug|Any CPU.Build.0 = Debug|Any CPU
		{EFEFF6A5-BA35-B8A7-DFC8-1A7DAC40A15A}.Release|Any CPU.ActiveCfg = Release|Any CPU
		{EFEFF6A5-BA35-B8A7-DFC8-1A7DAC40A15A}.Release|Any CPU.Build.0 = Release|Any CPU
	EndGlobalSection
	GlobalSection(SolutionProperties) = preSolution
		HideSolutionNode = FALSE
	EndGlobalSection
	GlobalSection(MonoDevelopProperties) = preSolution
		StartupItem = Assembly-CSharp.csproj
	EndGlobalSection
EndGlobal
