Microsoft Visual Studio Solution File, Format Version 11.00
# Visual Studio 2008

Project("{466E5CD5-8E23-8170-F936-6A064EB157B2}") = "Critical Mass", "Assembly-CSharp.csproj", "{3A3B276D-5852-998D-D462-976B9410C554}"
EndProject
Global
	GlobalSection(SolutionConfigurationPlatforms) = preSolution
		Debug|Any CPU = Debug|Any CPU
		Release|Any CPU = Release|Any CPU
	EndGlobalSection
	GlobalSection(ProjectConfigurationPlatforms) = postSolution
		{3A3B276D-5852-998D-D462-976B9410C554}.Debug|Any CPU.ActiveCfg = Debug|Any CPU
		{3A3B276D-5852-998D-D462-976B9410C554}.Debug|Any CPU.Build.0 = Debug|Any CPU
		{3A3B276D-5852-998D-D462-976B9410C554}.Release|Any CPU.ActiveCfg = Release|Any CPU
		{3A3B276D-5852-998D-D462-976B9410C554}.Release|Any CPU.Build.0 = Release|Any CPU
	EndGlobalSection
	GlobalSection(SolutionProperties) = preSolution
		HideSolutionNode = FALSE
	EndGlobalSection
	GlobalSection(MonoDevelopProperties) = preSolution
		StartupItem = Assembly-CSharp.csproj
	EndGlobalSection
EndGlobal
